
Microsoft Visual Studio Solution File, Format Version 12.00
# Visual Studio Version 16
VisualStudioVersion = 16.0.30320.27
MinimumVisualStudioVersion = 10.0.40219.1
Project("{FAE04EC0-301F-11D3-BF4B-00C04F79EFBC}") = "GeneralStoreAPI", "GeneralStoreAPI\GeneralStoreAPI.csproj", "{643B4B29-26B1-4E66-A323-C98D0E133C36}"
EndProject
Global
	GlobalSection(SolutionConfigurationPlatforms) = preSolution
		Debug|Any CPU = Debug|Any CPU
		Release|Any CPU = Release|Any CPU
	EndGlobalSection
	GlobalSection(ProjectConfigurationPlatforms) = postSolution
		{643B4B29-26B1-4E66-A323-C98D0E133C36}.Debug|Any CPU.ActiveCfg = Debug|Any CPU
		{643B4B29-26B1-4E66-A323-C98D0E133C36}.Debug|Any CPU.Build.0 = Debug|Any CPU
		{643B4B29-26B1-4E66-A323-C98D0E133C36}.Release|Any CPU.ActiveCfg = Release|Any CPU
		{643B4B29-26B1-4E66-A323-C98D0E133C36}.Release|Any CPU.Build.0 = Release|Any CPU
	EndGlobalSection
	GlobalSection(SolutionProperties) = preSolution
		HideSolutionNode = FALSE
	EndGlobalSection
	GlobalSection(ExtensibilityGlobals) = postSolution
		SolutionGuid = {2D0A8B35-F394-4DC3-B789-F5FE79BE5994}
	EndGlobalSection
EndGlobal
